
Microsoft Visual Studio Solution File, Format Version 12.00
# Visual Studio Version 17
VisualStudioVersion = 17.7.34009.444
MinimumVisualStudioVersion = 10.0.40219.1
Project("{9A19103F-16F7-4668-BE54-9A1E7A4F7556}") = "TP2_ProyectoSoftware", "TP2_ProyectoSoftware\TP2_ProyectoSoftware.csproj", "{CAE56338-91E1-4541-91ED-EEA8E6597773}"
EndProject
Project("{9A19103F-16F7-4668-BE54-9A1E7A4F7556}") = "Aplicacion", "Aplicacion\Aplicacion.csproj", "{9EC852CE-E9B1-400E-9846-F573BD4D5FE9}"
EndProject
Project("{9A19103F-16F7-4668-BE54-9A1E7A4F7556}") = "Infraestructura", "Infraestructura\Infraestructura.csproj", "{20EB3F22-0674-4109-865A-A2A777B2CE6E}"
EndProject
Project("{9A19103F-16F7-4668-BE54-9A1E7A4F7556}") = "Dominio", "Dominio\Dominio.csproj", "{9EF9CF0B-EF0E-44CD-9401-C1ED23A73727}"
EndProject
Global
	GlobalSection(SolutionConfigurationPlatforms) = preSolution
		Debug|Any CPU = Debug|Any CPU
		Release|Any CPU = Release|Any CPU
	EndGlobalSection
	GlobalSection(ProjectConfigurationPlatforms) = postSolution
		{CAE56338-91E1-4541-91ED-EEA8E6597773}.Debug|Any CPU.ActiveCfg = Debug|Any CPU
		{CAE56338-91E1-4541-91ED-EEA8E6597773}.Debug|Any CPU.Build.0 = Debug|Any CPU
		{CAE56338-91E1-4541-91ED-EEA8E6597773}.Release|Any CPU.ActiveCfg = Release|Any CPU
		{CAE56338-91E1-4541-91ED-EEA8E6597773}.Release|Any CPU.Build.0 = Release|Any CPU
		{9EC852CE-E9B1-400E-9846-F573BD4D5FE9}.Debug|Any CPU.ActiveCfg = Debug|Any CPU
		{9EC852CE-E9B1-400E-9846-F573BD4D5FE9}.Debug|Any CPU.Build.0 = Debug|Any CPU
		{9EC852CE-E9B1-400E-9846-F573BD4D5FE9}.Release|Any CPU.ActiveCfg = Release|Any CPU
		{9EC852CE-E9B1-400E-9846-F573BD4D5FE9}.Release|Any CPU.Build.0 = Release|Any CPU
		{20EB3F22-0674-4109-865A-A2A777B2CE6E}.Debug|Any CPU.ActiveCfg = Debug|Any CPU
		{20EB3F22-0674-4109-865A-A2A777B2CE6E}.Debug|Any CPU.Build.0 = Debug|Any CPU
		{20EB3F22-0674-4109-865A-A2A777B2CE6E}.Release|Any CPU.ActiveCfg = Release|Any CPU
		{20EB3F22-0674-4109-865A-A2A777B2CE6E}.Release|Any CPU.Build.0 = Release|Any CPU
		{9EF9CF0B-EF0E-44CD-9401-C1ED23A73727}.Debug|Any CPU.ActiveCfg = Debug|Any CPU
		{9EF9CF0B-EF0E-44CD-9401-C1ED23A73727}.Debug|Any CPU.Build.0 = Debug|Any CPU
		{9EF9CF0B-EF0E-44CD-9401-C1ED23A73727}.Release|Any CPU.ActiveCfg = Release|Any CPU
		{9EF9CF0B-EF0E-44CD-9401-C1ED23A73727}.Release|Any CPU.Build.0 = Release|Any CPU
	EndGlobalSection
	GlobalSection(SolutionProperties) = preSolution
		HideSolutionNode = FALSE
	EndGlobalSection
	GlobalSection(ExtensibilityGlobals) = postSolution
		SolutionGuid = {7DD08AA3-6F10-4EEB-B817-1F8AEFF2C116}
	EndGlobalSection
EndGlobal
